// !$*UTF8*$!
{
	archiveVersion = 1;
	classes = {
	};
	objectVersion = 46;
	objects = {

/* Begin PBXBuildFile section */
		DCE171491A5AE05400DC8A6B /* main.cpp in Sources */ = {isa = PBXBuildFile; fileRef = DCE171481A5AE05400DC8A6B /* main.cpp */; };
/* End PBXBuildFile section */

/* Begin PBXCopyFilesBuildPhase section */
		DCE171431A5AE05400DC8A6B /* CopyFiles */ = {
			isa = PBXCopyFilesBuildPhase;
			buildActionMask = 2147483647;
			dstPath = /usr/share/man/man1/;
			dstSubfolderSpec = 0;
			files = (
			);
			runOnlyForDeploymentPostprocessing = 1;
		};
/* End PBXCopyFilesBuildPhase section */

/* Begin PBXFileReference section */
		DCE171451A5AE05400DC8A6B /* grade_calculator */ = {isa = PBXFileReference; explicitFileType = "compiled.mach-o.executable"; includeInIndex = 0; path = grade_calculator; sourceTree = BUILT_PRODUCTS_DIR; };
		DCE171481A5AE05400DC8A6B /* main.cpp */ = {isa = PBXFileReference; lastKnownFileType = sourcecode.cpp.cpp; path = main.cpp; sourceTree = "<group>"; };
/* End PBXFileReference section */

/* Begin PBXFrameworksBuildPhase section */
		DCE171421A5AE05400DC8A6B /* Frameworks */ = {
			isa = PBXFrameworksBuildPhase;
			buildActionMask = 2147483647;
			files = (
			);
			runOnlyForDeploymentPostprocessing = 0;
		};
/* End PBXFrameworksBuildPhase section */

/* Begin PBXGroup section */
		DCE1713C1A5AE05400DC8A6B = {
			isa = PBXGroup;
			children = (
				DCE171471A5AE05400DC8A6B /* grade_calculator */,
				DCE171461A5AE05400DC8A6B /* Products */,
			);
			sourceTree = "<group>";
		};
		DCE171461A5AE05400DC8A6B /* Products */ = {
			isa = PBXGroup;
			children = (
				DCE171451A5AE05400DC8A6B /* grade_calculator */,
			);
			name = Products;
			sourceTree = "<group>";
		};
		DCE171471A5AE05400DC8A6B /* grade_calculator */ = {
			isa = PBXGroup;
			children = (
				DCE171481A5AE05400DC8A6B /* main.cpp */,
			);
			path = grade_calculator;
			sourceTree = "<group>";
		};
/* End PBXGroup section */

/* Begin PBXNativeTarget section */
		DCE171441A5AE05400DC8A6B /* grade_calculator */ = {
			isa = PBXNativeTarget;
			buildConfigurationList = DCE1714C1A5AE05400DC8A6B /* Build configuration list for PBXNativeTarget "grade_calculator" */;
			buildPhases = (
				DCE171411A5AE05400DC8A6B /* Sources */,
				DCE171421A5AE05400DC8A6B /* Frameworks */,
				DCE171431A5AE05400DC8A6B /* CopyFiles */,
			);
			buildRules = (
			);
			dependencies = (
			);
			name = grade_calculator;
			productName = grade_calculator;
			productReference = DCE171451A5AE05400DC8A6B /* grade_calculator */;
			productType = "com.apple.product-type.tool";
		};
/* End PBXNativeTarget section */

/* Begin PBXProject section */
		DCE1713D1A5AE05400DC8A6B /* Project object */ = {
			isa = PBXProject;
			attributes = {
				LastUpgradeCheck = 0610;
				ORGANIZATIONNAME = "Amber Woodrow";
				TargetAttributes = {
					DCE171441A5AE05400DC8A6B = {
						CreatedOnToolsVersion = 6.1.1;
					};
				};
			};
			buildConfigurationList = DCE171401A5AE05400DC8A6B /* Build configuration list for PBXProject "grade_calculator" */;
			compatibilityVersion = "Xcode 3.2";
			developmentRegion = English;
			hasScannedForEncodings = 0;
			knownRegions = (
				en,
			);
			mainGroup = DCE1713C1A5AE05400DC8A6B;
			productRefGroup = DCE171461A5AE05400DC8A6B /* Products */;
			projectDirPath = "";
			projectRoot = "";
			targets = (
				DCE171441A5AE05400DC8A6B /* grade_calculator */,
			);
		};
/* End PBXProject section */

/* Begin PBXSourcesBuildPhase section */
		DCE171411A5AE05400DC8A6B /* Sources */ = {
			isa = PBXSourcesBuildPhase;
			buildActionMask = 2147483647;
			files = (
				DCE171491A5AE05400DC8A6B /* main.cpp in Sources */,
			);
			runOnlyForDeploymentPostprocessing = 0;
		};
/* End PBXSourcesBuildPhase section */

/* Begin XCBuildConfiguration section */
		DCE1714A1A5AE05400DC8A6B /* Debug */ = {
			isa = XCBuildConfiguration;
			buildSettings = {
				ALWAYS_SEARCH_USER_PATHS = NO;
				CLANG_CXX_LANGUAGE_STANDARD = "gnu++0x";
				CLANG_CXX_LIBRARY = "libc++";
				CLANG_ENABLE_MODULES = YES;
				CLANG_ENABLE_OBJC_ARC = YES;
				CLANG_WARN_BOOL_CONVERSION = YES;
				CLANG_WARN_CONSTANT_CONVERSION = YES;
				CLANG_WARN_DIRECT_OBJC_ISA_USAGE = YES_ERROR;
				CLANG_WARN_EMPTY_BODY = YES;
				CLANG_WARN_ENUM_CONVERSION = YES;
				CLANG_WARN_INT_CONVERSION = YES;
				CLANG_WARN_OBJC_ROOT_CLASS = YES_ERROR;
				CLANG_WARN_UNREACHABLE_CODE = YES;
				CLANG_WARN__DUPLICATE_METHOD_MATCH = YES;
				COPY_PHASE_STRIP = NO;
				ENABLE_STRICT_OBJC_MSGSEND = YES;
				GCC_C_LANGUAGE_STANDARD = gnu99;
				GCC_DYNAMIC_NO_PIC = NO;
				GCC_OPTIMIZATION_LEVEL = 0;
				GCC_PREPROCESSOR_DEFINITIONS = (
					"DEBUG=1",
					"$(inherited)",
				);
				GCC_SYMBOLS_PRIVATE_EXTERN = NO;
				GCC_WARN_64_TO_32_BIT_CONVERSION = YES;
				GCC_WARN_ABOUT_RETURN_TYPE = YES_ERROR;
				GCC_WARN_UNDECLARED_SELECTOR = YES;
				GCC_WARN_UNINITIALIZED_AUTOS = YES_AGGRESSIVE;
				GCC_WARN_UNUSED_FUNCTION = YES;
				GCC_WARN_UNUSED_VARIABLE = YES;
				MACOSX_DEPLOYMENT_TARGET = 10.9;
				MTL_ENABLE_DEBUG_INFO = YES;
				ONLY_ACTIVE_ARCH = YES;
				SDKROOT = macosx;
			};
			name = Debug;
		};
		DCE1714B1A5AE05400DC8A6B /* Release */ = {
			isa = XCBuildConfiguration;
			buildSettings = {
				ALWAYS_SEARCH_USER_PATHS = NO;
				CLANG_CXX_LANGUAGE_STANDARD = "gnu++0x";
				CLANG_CXX_LIBRARY = "libc++";
				CLANG_ENABLE_MODULES = YES;
				CLANG_ENABLE_OBJC_ARC = YES;
				CLANG_WARN_BOOL_CONVERSION = YES;
				CLANG_WARN_CONSTANT_CONVERSION = YES;
				CLANG_WARN_DIRECT_OBJC_ISA_USAGE = YES_ERROR;
				CLANG_WARN_EMPTY_BODY = YES;
				CLANG_WARN_ENUM_CONVERSION = YES;
				CLANG_WARN_INT_CONVERSION = YES;
				CLANG_WARN_OBJC_ROOT_CLASS = YES_ERROR;
				CLANG_WARN_UNREACHABLE_CODE = YES;
				CLANG_WARN__DUPLICATE_METHOD_MATCH = YES;
				COPY_PHASE_STRIP = YES;
				DEBUG_INFORMATION_FORMAT = "dwarf-with-dsym";
				ENABLE_NS_ASSERTIONS = NO;
				ENABLE_STRICT_OBJC_MSGSEND = YES;
				GCC_C_LANGUAGE_STANDARD = gnu99;
				GCC_WARN_64_TO_32_BIT_CONVERSION = YES;
				GCC_WARN_ABOUT_RETURN_TYPE = YES_ERROR;
				GCC_WARN_UNDECLARED_SELECTOR = YES;
				GCC_WARN_UNINITIALIZED_AUTOS = YES_AGGRESSIVE;
				GCC_WARN_UNUSED_FUNCTION = YES;
				GCC_WARN_UNUSED_VARIABLE = YES;
				MACOSX_DEPLOYMENT_TARGET = 10.9;
				MTL_ENABLE_DEBUG_INFO = NO;
				SDKROOT = macosx;
			};
			name = Release;
		};
		DCE1714D1A5AE05400DC8A6B /* Debug */ = {
			isa = XCBuildConfiguration;
			buildSettings = {
				PRODUCT_NAME = "$(TARGET_NAME)";
			};
			name = Debug;
		};
		DCE1714E1A5AE05400DC8A6B /* Release */ = {
			isa = XCBuildConfiguration;
			buildSettings = {
				PRODUCT_NAME = "$(TARGET_NAME)";
			};
			name = Release;
		};
/* End XCBuildConfiguration section */

/* Begin XCConfigurationList section */
		DCE171401A5AE05400DC8A6B /* Build configuration list for PBXProject "grade_calculator" */ = {
			isa = XCConfigurationList;
			buildConfigurations = (
				DCE1714A1A5AE05400DC8A6B /* Debug */,
				DCE1714B1A5AE05400DC8A6B /* Release */,
			);
			defaultConfigurationIsVisible = 0;
			defaultConfigurationName = Release;
		};
		DCE1714C1A5AE05400DC8A6B /* Build configuration list for PBXNativeTarget "grade_calculator" */ = {
			isa = XCConfigurationList;
			buildConfigurations = (
				DCE1714D1A5AE05400DC8A6B /* Debug */,
				DCE1714E1A5AE05400DC8A6B /* Release */,
			);
			defaultConfigurationIsVisible = 0;
		};
/* End XCConfigurationList section */
	};
	rootObject = DCE1713D1A5AE05400DC8A6B /* Project object */;
}
